
Microsoft Visual Studio Solution File, Format Version 12.00
# Visual Studio 15
VisualStudioVersion = 15.0.27004.2006
MinimumVisualStudioVersion = 10.0.40219.1
Project("{FAE04EC0-301F-11D3-BF4B-00C04F79EFBC}") = "ProjectTS Csh Server", "ProjectTS Csh Server\ProjectTS Csh Server.csproj", "{44BD6040-3434-4993-9FB6-3CC25E87989A}"
EndProject
Global
	GlobalSection(SolutionConfigurationPlatforms) = preSolution
		Debug|Any CPU = Debug|Any CPU
		Release|Any CPU = Release|Any CPU
	EndGlobalSection
	GlobalSection(ProjectConfigurationPlatforms) = postSolution
		{44BD6040-3434-4993-9FB6-3CC25E87989A}.Debug|Any CPU.ActiveCfg = Debug|Any CPU
		{44BD6040-3434-4993-9FB6-3CC25E87989A}.Debug|Any CPU.Build.0 = Debug|Any CPU
		{44BD6040-3434-4993-9FB6-3CC25E87989A}.Release|Any CPU.ActiveCfg = Release|Any CPU
		{44BD6040-3434-4993-9FB6-3CC25E87989A}.Release|Any CPU.Build.0 = Release|Any CPU
	EndGlobalSection
	GlobalSection(SolutionProperties) = preSolution
		HideSolutionNode = FALSE
	EndGlobalSection
	GlobalSection(ExtensibilityGlobals) = postSolution
		SolutionGuid = {C3BA390D-56C7-4E63-946E-E3894B316C9B}
	EndGlobalSection
EndGlobal
